
Microsoft Visual Studio Solution File, Format Version 12.00
# Visual Studio 15
Project("{FAE04EC0-301F-11D3-BF4B-00C04F79EFBC}") = "Assembly-CSharp", "Assembly-CSharp.csproj", "{3B155C6E-E4DC-DCCC-98F4-577F6C9EDDFC}"
EndProject
Project("{FAE04EC0-301F-11D3-BF4B-00C04F79EFBC}") = "Assembly-CSharp-Editor", "Assembly-CSharp-Editor.csproj", "{1AE1641F-43AF-2BC4-7714-3C9EEE94AFF7}"
EndProject
Global
	GlobalSection(SolutionConfigurationPlatforms) = preSolution
		Debug|Any CPU = Debug|Any CPU
		Release|Any CPU = Release|Any CPU
	EndGlobalSection
	GlobalSection(ProjectConfigurationPlatforms) = postSolution
		{3B155C6E-E4DC-DCCC-98F4-577F6C9EDDFC}.Debug|Any CPU.ActiveCfg = Debug|Any CPU
		{3B155C6E-E4DC-DCCC-98F4-577F6C9EDDFC}.Debug|Any CPU.Build.0 = Debug|Any CPU
		{3B155C6E-E4DC-DCCC-98F4-577F6C9EDDFC}.Release|Any CPU.ActiveCfg = Release|Any CPU
		{3B155C6E-E4DC-DCCC-98F4-577F6C9EDDFC}.Release|Any CPU.Build.0 = Release|Any CPU
		{1AE1641F-43AF-2BC4-7714-3C9EEE94AFF7}.Debug|Any CPU.ActiveCfg = Debug|Any CPU
		{1AE1641F-43AF-2BC4-7714-3C9EEE94AFF7}.Debug|Any CPU.Build.0 = Debug|Any CPU
		{1AE1641F-43AF-2BC4-7714-3C9EEE94AFF7}.Release|Any CPU.ActiveCfg = Release|Any CPU
		{1AE1641F-43AF-2BC4-7714-3C9EEE94AFF7}.Release|Any CPU.Build.0 = Release|Any CPU
	EndGlobalSection
	GlobalSection(SolutionProperties) = preSolution
		HideSolutionNode = FALSE
	EndGlobalSection
EndGlobal
